
Microsoft Visual Studio Solution File, Format Version 12.00
# Visual Studio Version 16
VisualStudioVersion = 16.0.31424.327
MinimumVisualStudioVersion = 10.0.40219.1
Project("{FAE04EC0-301F-11D3-BF4B-00C04F79EFBC}") = "Assessment2mock", "Assessment2mock\Assessment2mock.csproj", "{C328EDF8-C73A-4BE0-BCB2-16A0BE61FC47}"
EndProject
Global
	GlobalSection(SolutionConfigurationPlatforms) = preSolution
		Debug|Any CPU = Debug|Any CPU
		Release|Any CPU = Release|Any CPU
	EndGlobalSection
	GlobalSection(ProjectConfigurationPlatforms) = postSolution
		{C328EDF8-C73A-4BE0-BCB2-16A0BE61FC47}.Debug|Any CPU.ActiveCfg = Debug|Any CPU
		{C328EDF8-C73A-4BE0-BCB2-16A0BE61FC47}.Debug|Any CPU.Build.0 = Debug|Any CPU
		{C328EDF8-C73A-4BE0-BCB2-16A0BE61FC47}.Release|Any CPU.ActiveCfg = Release|Any CPU
		{C328EDF8-C73A-4BE0-BCB2-16A0BE61FC47}.Release|Any CPU.Build.0 = Release|Any CPU
	EndGlobalSection
	GlobalSection(SolutionProperties) = preSolution
		HideSolutionNode = FALSE
	EndGlobalSection
	GlobalSection(ExtensibilityGlobals) = postSolution
		SolutionGuid = {E830E536-0E50-4A1B-A501-0F90590937F9}
	EndGlobalSection
EndGlobal
